
Microsoft Visual Studio Solution File, Format Version 12.00
# Visual Studio Version 17
VisualStudioVersion = 17.4.33205.214
MinimumVisualStudioVersion = 10.0.40219.1
Project("{FAE04EC0-301F-11D3-BF4B-00C04F79EFBC}") = "GPA calculator", "GPA calculator.csproj", "{B364C4BE-B70A-4FDC-A689-A4FA771B1016}"
EndProject
Global
	GlobalSection(SolutionConfigurationPlatforms) = preSolution
		Debug|Any CPU = Debug|Any CPU
		Release|Any CPU = Release|Any CPU
	EndGlobalSection
	GlobalSection(ProjectConfigurationPlatforms) = postSolution
		{B364C4BE-B70A-4FDC-A689-A4FA771B1016}.Debug|Any CPU.ActiveCfg = Debug|Any CPU
		{B364C4BE-B70A-4FDC-A689-A4FA771B1016}.Debug|Any CPU.Build.0 = Debug|Any CPU
		{B364C4BE-B70A-4FDC-A689-A4FA771B1016}.Release|Any CPU.ActiveCfg = Release|Any CPU
		{B364C4BE-B70A-4FDC-A689-A4FA771B1016}.Release|Any CPU.Build.0 = Release|Any CPU
	EndGlobalSection
	GlobalSection(SolutionProperties) = preSolution
		HideSolutionNode = FALSE
	EndGlobalSection
	GlobalSection(ExtensibilityGlobals) = postSolution
		SolutionGuid = {30416E4A-CEF2-47E7-A2D0-864AFA40F208}
	EndGlobalSection
EndGlobal
